
Microsoft Visual Studio Solution File, Format Version 12.00
# Visual Studio Version 17
VisualStudioVersion = 17.0.31903.59
MinimumVisualStudioVersion = 10.0.40219.1
Project("{2150E333-8FDC-42A3-9474-1A3956D46DE8}") = "src", "src", "{827E0CD3-B72D-47B6-A68D-7590B98EB39B}"
EndProject
Project("{FAE04EC0-301F-11D3-BF4B-00C04F79EFBC}") = "ArtOfSimRally.Telemetry", "src\ArtOfSimRally.Telemetry\ArtOfSimRally.Telemetry.csproj", "{38D54BFD-0FF9-470B-9FEB-D48CA4A4990F}"
EndProject
Project("{2150E333-8FDC-42A3-9474-1A3956D46DE8}") = "tests", "tests", "{0AB3BF05-4346-4AA6-1389-037BE0695223}"
EndProject
Project("{FAE04EC0-301F-11D3-BF4B-00C04F79EFBC}") = "ArtOfSimRally.Telemetry.Tests", "tests\ArtOfSimRally.Telemetry.Tests\ArtOfSimRally.Telemetry.Tests.csproj", "{72BDFB12-B17F-41B7-A07E-80124D482739}"
EndProject
Project("{2150E333-8FDC-42A3-9474-1A3956D46DE8}") = "tools", "tools", "{07C2787E-EAC7-C090-1BA3-A61EC2A24D84}"
EndProject
Project("{FAE04EC0-301F-11D3-BF4B-00C04F79EFBC}") = "ArtOfSimRally.Synth", "tools\ArtOfSimRally.Synth\ArtOfSimRally.Synth.csproj", "{11F7AE7A-24BA-406F-A01A-F40D31EFD890}"
EndProject
Project("{FAE04EC0-301F-11D3-BF4B-00C04F79EFBC}") = "ArtOfSimRally.Mod", "src\ArtOfSimRally.Mod\ArtOfSimRally.Mod.csproj", "{A36BC881-E21D-499F-A122-F6D465EE1E06}"
EndProject
Global
	GlobalSection(SolutionConfigurationPlatforms) = preSolution
		Debug|Any CPU = Debug|Any CPU
		Debug|x64 = Debug|x64
		Debug|x86 = Debug|x86
		Release|Any CPU = Release|Any CPU
		Release|x64 = Release|x64
		Release|x86 = Release|x86
	EndGlobalSection
	GlobalSection(ProjectConfigurationPlatforms) = postSolution
		{38D54BFD-0FF9-470B-9FEB-D48CA4A4990F}.Debug|Any CPU.ActiveCfg = Debug|Any CPU
		{38D54BFD-0FF9-470B-9FEB-D48CA4A4990F}.Debug|Any CPU.Build.0 = Debug|Any CPU
		{38D54BFD-0FF9-470B-9FEB-D48CA4A4990F}.Debug|x64.ActiveCfg = Debug|Any CPU
		{38D54BFD-0FF9-470B-9FEB-D48CA4A4990F}.Debug|x64.Build.0 = Debug|Any CPU
		{38D54BFD-0FF9-470B-9FEB-D48CA4A4990F}.Debug|x86.ActiveCfg = Debug|Any CPU
		{38D54BFD-0FF9-470B-9FEB-D48CA4A4990F}.Debug|x86.Build.0 = Debug|Any CPU
		{38D54BFD-0FF9-470B-9FEB-D48CA4A4990F}.Release|Any CPU.ActiveCfg = Release|Any CPU
		{38D54BFD-0FF9-470B-9FEB-D48CA4A4990F}.Release|Any CPU.Build.0 = Release|Any CPU
		{38D54BFD-0FF9-470B-9FEB-D48CA4A4990F}.Release|x64.ActiveCfg = Release|Any CPU
		{38D54BFD-0FF9-470B-9FEB-D48CA4A4990F}.Release|x64.Build.0 = Release|Any CPU
		{38D54BFD-0FF9-470B-9FEB-D48CA4A4990F}.Release|x86.ActiveCfg = Release|Any CPU
		{38D54BFD-0FF9-470B-9FEB-D48CA4A4990F}.Release|x86.Build.0 = Release|Any CPU
		{72BDFB12-B17F-41B7-A07E-80124D482739}.Debug|Any CPU.ActiveCfg = Debug|Any CPU
		{72BDFB12-B17F-41B7-A07E-80124D482739}.Debug|Any CPU.Build.0 = Debug|Any CPU
		{72BDFB12-B17F-41B7-A07E-80124D482739}.Debug|x64.ActiveCfg = Debug|Any CPU
		{72BDFB12-B17F-41B7-A07E-80124D482739}.Debug|x64.Build.0 = Debug|Any CPU
		{72BDFB12-B17F-41B7-A07E-80124D482739}.Debug|x86.ActiveCfg = Debug|Any CPU
		{72BDFB12-B17F-41B7-A07E-80124D482739}.Debug|x86.Build.0 = Debug|Any CPU
		{72BDFB12-B17F-41B7-A07E-80124D482739}.Release|Any CPU.ActiveCfg = Release|Any CPU
		{72BDFB12-B17F-41B7-A07E-80124D482739}.Release|Any CPU.Build.0 = Release|Any CPU
		{72BDFB12-B17F-41B7-A07E-80124D482739}.Release|x64.ActiveCfg = Release|Any CPU
		{72BDFB12-B17F-41B7-A07E-80124D482739}.Release|x64.Build.0 = Release|Any CPU
		{72BDFB12-B17F-41B7-A07E-80124D482739}.Release|x86.ActiveCfg = Release|Any CPU
		{72BDFB12-B17F-41B7-A07E-80124D482739}.Release|x86.Build.0 = Release|Any CPU
		{11F7AE7A-24BA-406F-A01A-F40D31EFD890}.Debug|Any CPU.ActiveCfg = Debug|Any CPU
		{11F7AE7A-24BA-406F-A01A-F40D31EFD890}.Debug|Any CPU.Build.0 = Debug|Any CPU
		{11F7AE7A-24BA-406F-A01A-F40D31EFD890}.Debug|x64.ActiveCfg = Debug|Any CPU
		{11F7AE7A-24BA-406F-A01A-F40D31EFD890}.Debug|x64.Build.0 = Debug|Any CPU
		{11F7AE7A-24BA-406F-A01A-F40D31EFD890}.Debug|x86.ActiveCfg = Debug|Any CPU
		{11F7AE7A-24BA-406F-A01A-F40D31EFD890}.Debug|x86.Build.0 = Debug|Any CPU
		{11F7AE7A-24BA-406F-A01A-F40D31EFD890}.Release|Any CPU.ActiveCfg = Release|Any CPU
		{11F7AE7A-24BA-406F-A01A-F40D31EFD890}.Release|Any CPU.Build.0 = Release|Any CPU
		{11F7AE7A-24BA-406F-A01A-F40D31EFD890}.Release|x64.ActiveCfg = Release|Any CPU
		{11F7AE7A-24BA-406F-A01A-F40D31EFD890}.Release|x64.Build.0 = Release|Any CPU
		{11F7AE7A-24BA-406F-A01A-F40D31EFD890}.Release|x86.ActiveCfg = Release|Any CPU
		{11F7AE7A-24BA-406F-A01A-F40D31EFD890}.Release|x86.Build.0 = Release|Any CPU
		{A36BC881-E21D-499F-A122-F6D465EE1E06}.Debug|Any CPU.ActiveCfg = Debug|Any CPU
		{A36BC881-E21D-499F-A122-F6D465EE1E06}.Debug|Any CPU.Build.0 = Debug|Any CPU
		{A36BC881-E21D-499F-A122-F6D465EE1E06}.Debug|x64.ActiveCfg = Debug|Any CPU
		{A36BC881-E21D-499F-A122-F6D465EE1E06}.Debug|x64.Build.0 = Debug|Any CPU
		{A36BC881-E21D-499F-A122-F6D465EE1E06}.Debug|x86.ActiveCfg = Debug|Any CPU
		{A36BC881-E21D-499F-A122-F6D465EE1E06}.Debug|x86.Build.0 = Debug|Any CPU
		{A36BC881-E21D-499F-A122-F6D465EE1E06}.Release|Any CPU.ActiveCfg = Release|Any CPU
		{A36BC881-E21D-499F-A122-F6D465EE1E06}.Release|Any CPU.Build.0 = Release|Any CPU
		{A36BC881-E21D-499F-A122-F6D465EE1E06}.Release|x64.ActiveCfg = Release|Any CPU
		{A36BC881-E21D-499F-A122-F6D465EE1E06}.Release|x64.Build.0 = Release|Any CPU
		{A36BC881-E21D-499F-A122-F6D465EE1E06}.Release|x86.ActiveCfg = Release|Any CPU
		{A36BC881-E21D-499F-A122-F6D465EE1E06}.Release|x86.Build.0 = Release|Any CPU
	EndGlobalSection
	GlobalSection(SolutionProperties) = preSolution
		HideSolutionNode = FALSE
	EndGlobalSection
	GlobalSection(NestedProjects) = preSolution
		{38D54BFD-0FF9-470B-9FEB-D48CA4A4990F} = {827E0CD3-B72D-47B6-A68D-7590B98EB39B}
		{72BDFB12-B17F-41B7-A07E-80124D482739} = {0AB3BF05-4346-4AA6-1389-037BE0695223}
		{11F7AE7A-24BA-406F-A01A-F40D31EFD890} = {07C2787E-EAC7-C090-1BA3-A61EC2A24D84}
		{A36BC881-E21D-499F-A122-F6D465EE1E06} = {827E0CD3-B72D-47B6-A68D-7590B98EB39B}
	EndGlobalSection
EndGlobal
